// !$*UTF8*$!
{
	archiveVersion = 1;
	classes = {
	};
	objectVersion = 48;
	objects = {

/* Begin PBXBuildFile section */
		F356231820052D9200155948 /* SettingViewController.swift in Sources */ = {isa = PBXBuildFile; fileRef = F356231720052D9200155948 /* SettingViewController.swift */; };
		F356231A2005452A00155948 /* HostListViewController.swift in Sources */ = {isa = PBXBuildFile; fileRef = F35623192005452A00155948 /* HostListViewController.swift */; };
		F35BD27F1FEC2FD200C877AF /* GameQuestionManager.swift in Sources */ = {isa = PBXBuildFile; fileRef = F35BD27E1FEC2FD200C877AF /* GameQuestionManager.swift */; };
		F3B99A891FE1910500A2DD8B /* AppDelegate.swift in Sources */ = {isa = PBXBuildFile; fileRef = F3B99A881FE1910500A2DD8B /* AppDelegate.swift */; };
		F3B99A8E1FE1910500A2DD8B /* Main.storyboard in Resources */ = {isa = PBXBuildFile; fileRef = F3B99A8C1FE1910500A2DD8B /* Main.storyboard */; };
		F3B99A901FE1910500A2DD8B /* Assets.xcassets in Resources */ = {isa = PBXBuildFile; fileRef = F3B99A8F1FE1910500A2DD8B /* Assets.xcassets */; };
		F3B99A931FE1910500A2DD8B /* LaunchScreen.storyboard in Resources */ = {isa = PBXBuildFile; fileRef = F3B99A911FE1910500A2DD8B /* LaunchScreen.storyboard */; };
		F3B99A9E1FE1910500A2DD8B /* BLEGameTests.swift in Sources */ = {isa = PBXBuildFile; fileRef = F3B99A9D1FE1910500A2DD8B /* BLEGameTests.swift */; };
		F3B99AA91FE1910500A2DD8B /* BLEGameUITests.swift in Sources */ = {isa = PBXBuildFile; fileRef = F3B99AA81FE1910500A2DD8B /* BLEGameUITests.swift */; };
		F3B99ABB1FE1976A00A2DD8B /* StartupViewController.swift in Sources */ = {isa = PBXBuildFile; fileRef = F3B99ABA1FE1976A00A2DD8B /* StartupViewController.swift */; };
		F3B99ABD1FE1A07900A2DD8B /* DashboardViewController.swift in Sources */ = {isa = PBXBuildFile; fileRef = F3B99ABC1FE1A07900A2DD8B /* DashboardViewController.swift */; };
		F3B99AC01FE1A58E00A2DD8B /* Constant.swift in Sources */ = {isa = PBXBuildFile; fileRef = F3B99ABF1FE1A58E00A2DD8B /* Constant.swift */; };
		F3B99AC31FE43B6600A2DD8B /* GameKit.framework in Frameworks */ = {isa = PBXBuildFile; fileRef = F3B99AC21FE43B6600A2DD8B /* GameKit.framework */; };
		F3B99AC51FE43E8500A2DD8B /* MatchmakingServer.swift in Sources */ = {isa = PBXBuildFile; fileRef = F3B99AC41FE43E8500A2DD8B /* MatchmakingServer.swift */; };
		F3B99AC71FE4503B00A2DD8B /* MultipeerConnectivity.framework in Frameworks */ = {isa = PBXBuildFile; fileRef = F3B99AC61FE4503B00A2DD8B /* MultipeerConnectivity.framework */; };
		F3EBCEFA1FEAE4B7001046F0 /* HostViewController.swift in Sources */ = {isa = PBXBuildFile; fileRef = F3EBCEF91FEAE4B7001046F0 /* HostViewController.swift */; };
/* End PBXBuildFile section */

/* Begin PBXContainerItemProxy section */
		F3B99A9A1FE1910500A2DD8B /* PBXContainerItemProxy */ = {
			isa = PBXContainerItemProxy;
			containerPortal = F3B99A7D1FE1910500A2DD8B /* Project object */;
			proxyType = 1;
			remoteGlobalIDString = F3B99A841FE1910500A2DD8B;
			remoteInfo = BLEGame;
		};
		F3B99AA51FE1910500A2DD8B /* PBXContainerItemProxy */ = {
			isa = PBXContainerItemProxy;
			containerPortal = F3B99A7D1FE1910500A2DD8B /* Project object */;
			proxyType = 1;
			remoteGlobalIDString = F3B99A841FE1910500A2DD8B;
			remoteInfo = BLEGame;
		};
/* End PBXContainerItemProxy section */

/* Begin PBXFileReference section */
		F356231720052D9200155948 /* SettingViewController.swift */ = {isa = PBXFileReference; lastKnownFileType = sourcecode.swift; path = SettingViewController.swift; sourceTree = "<group>"; };
		F35623192005452A00155948 /* HostListViewController.swift */ = {isa = PBXFileReference; lastKnownFileType = sourcecode.swift; path = HostListViewController.swift; sourceTree = "<group>"; };
		F35BD27E1FEC2FD200C877AF /* GameQuestionManager.swift */ = {isa = PBXFileReference; lastKnownFileType = sourcecode.swift; path = GameQuestionManager.swift; sourceTree = "<group>"; };
		F3B99A851FE1910500A2DD8B /* BLEGame.app */ = {isa = PBXFileReference; explicitFileType = wrapper.application; includeInIndex = 0; path = BLEGame.app; sourceTree = BUILT_PRODUCTS_DIR; };
		F3B99A881FE1910500A2DD8B /* AppDelegate.swift */ = {isa = PBXFileReference; lastKnownFileType = sourcecode.swift; path = AppDelegate.swift; sourceTree = "<group>"; };
		F3B99A8D1FE1910500A2DD8B /* Base */ = {isa = PBXFileReference; lastKnownFileType = file.storyboard; name = Base; path = Base.lproj/Main.storyboard; sourceTree = "<group>"; };
		F3B99A8F1FE1910500A2DD8B /* Assets.xcassets */ = {isa = PBXFileReference; lastKnownFileType = folder.assetcatalog; path = Assets.xcassets; sourceTree = "<group>"; };
		F3B99A921FE1910500A2DD8B /* Base */ = {isa = PBXFileReference; lastKnownFileType = file.storyboard; name = Base; path = Base.lproj/LaunchScreen.storyboard; sourceTree = "<group>"; };
		F3B99A941FE1910500A2DD8B /* Info.plist */ = {isa = PBXFileReference; lastKnownFileType = text.plist.xml; path = Info.plist; sourceTree = "<group>"; };
		F3B99A991FE1910500A2DD8B /* BLEGameTests.xctest */ = {isa = PBXFileReference; explicitFileType = wrapper.cfbundle; includeInIndex = 0; path = BLEGameTests.xctest; sourceTree = BUILT_PRODUCTS_DIR; };
		F3B99A9D1FE1910500A2DD8B /* BLEGameTests.swift */ = {isa = PBXFileReference; lastKnownFileType = sourcecode.swift; path = BLEGameTests.swift; sourceTree = "<group>"; };
		F3B99A9F1FE1910500A2DD8B /* Info.plist */ = {isa = PBXFileReference; lastKnownFileType = text.plist.xml; path = Info.plist; sourceTree = "<group>"; };
		F3B99AA41FE1910500A2DD8B /* BLEGameUITests.xctest */ = {isa = PBXFileReference; explicitFileType = wrapper.cfbundle; includeInIndex = 0; path = BLEGameUITests.xctest; sourceTree = BUILT_PRODUCTS_DIR; };
		F3B99AA81FE1910500A2DD8B /* BLEGameUITests.swift */ = {isa = PBXFileReference; lastKnownFileType = sourcecode.swift; path = BLEGameUITests.swift; sourceTree = "<group>"; };
		F3B99AAA1FE1910500A2DD8B /* Info.plist */ = {isa = PBXFileReference; lastKnownFileType = text.plist.xml; path = Info.plist; sourceTree = "<group>"; };
		F3B99ABA1FE1976A00A2DD8B /* StartupViewController.swift */ = {isa = PBXFileReference; lastKnownFileType = sourcecode.swift; path = StartupViewController.swift; sourceTree = "<group>"; };
		F3B99ABC1FE1A07900A2DD8B /* DashboardViewController.swift */ = {isa = PBXFileReference; lastKnownFileType = sourcecode.swift; path = DashboardViewController.swift; sourceTree = "<group>"; };
		F3B99ABF1FE1A58E00A2DD8B /* Constant.swift */ = {isa = PBXFileReference; lastKnownFileType = sourcecode.swift; path = Constant.swift; sourceTree = "<group>"; };
		F3B99AC21FE43B6600A2DD8B /* GameKit.framework */ = {isa = PBXFileReference; lastKnownFileType = wrapper.framework; name = GameKit.framework; path = System/Library/Frameworks/GameKit.framework; sourceTree = SDKROOT; };
		F3B99AC41FE43E8500A2DD8B /* MatchmakingServer.swift */ = {isa = PBXFileReference; lastKnownFileType = sourcecode.swift; path = MatchmakingServer.swift; sourceTree = "<group>"; };
		F3B99AC61FE4503B00A2DD8B /* MultipeerConnectivity.framework */ = {isa = PBXFileReference; lastKnownFileType = wrapper.framework; name = MultipeerConnectivity.framework; path = System/Library/Frameworks/MultipeerConnectivity.framework; sourceTree = SDKROOT; };
		F3EBCEF91FEAE4B7001046F0 /* HostViewController.swift */ = {isa = PBXFileReference; lastKnownFileType = sourcecode.swift; path = HostViewController.swift; sourceTree = "<group>"; };
/* End PBXFileReference section */

/* Begin PBXFrameworksBuildPhase section */
		F3B99A821FE1910500A2DD8B /* Frameworks */ = {
			isa = PBXFrameworksBuildPhase;
			buildActionMask = 2147483647;
			files = (
				F3B99AC71FE4503B00A2DD8B /* MultipeerConnectivity.framework in Frameworks */,
				F3B99AC31FE43B6600A2DD8B /* GameKit.framework in Frameworks */,
			);
			runOnlyForDeploymentPostprocessing = 0;
		};
		F3B99A961FE1910500A2DD8B /* Frameworks */ = {
			isa = PBXFrameworksBuildPhase;
			buildActionMask = 2147483647;
			files = (
			);
			runOnlyForDeploymentPostprocessing = 0;
		};
		F3B99AA11FE1910500A2DD8B /* Frameworks */ = {
			isa = PBXFrameworksBuildPhase;
			buildActionMask = 2147483647;
			files = (
			);
			runOnlyForDeploymentPostprocessing = 0;
		};
/* End PBXFrameworksBuildPhase section */

/* Begin PBXGroup section */
		F3B99A7C1FE1910500A2DD8B = {
			isa = PBXGroup;
			children = (
				F3B99A871FE1910500A2DD8B /* BLEGame */,
				F3B99A9C1FE1910500A2DD8B /* BLEGameTests */,
				F3B99AA71FE1910500A2DD8B /* BLEGameUITests */,
				F3B99A861FE1910500A2DD8B /* Products */,
				F3B99AC11FE43B6600A2DD8B /* Frameworks */,
			);
			sourceTree = "<group>";
		};
		F3B99A861FE1910500A2DD8B /* Products */ = {
			isa = PBXGroup;
			children = (
				F3B99A851FE1910500A2DD8B /* BLEGame.app */,
				F3B99A991FE1910500A2DD8B /* BLEGameTests.xctest */,
				F3B99AA41FE1910500A2DD8B /* BLEGameUITests.xctest */,
			);
			name = Products;
			sourceTree = "<group>";
		};
		F3B99A871FE1910500A2DD8B /* BLEGame */ = {
			isa = PBXGroup;
			children = (
				F3B99ABE1FE1A56A00A2DD8B /* Utility */,
				F3B99AB61FE1971B00A2DD8B /* Controller */,
				F3B99AB71FE1971B00A2DD8B /* Model */,
				F3B99AB81FE1971B00A2DD8B /* View */,
				F3B99A881FE1910500A2DD8B /* AppDelegate.swift */,
				F3B99A8C1FE1910500A2DD8B /* Main.storyboard */,
				F3B99A8F1FE1910500A2DD8B /* Assets.xcassets */,
				F3B99A911FE1910500A2DD8B /* LaunchScreen.storyboard */,
				F3B99A941FE1910500A2DD8B /* Info.plist */,
			);
			path = BLEGame;
			sourceTree = "<group>";
		};
		F3B99A9C1FE1910500A2DD8B /* BLEGameTests */ = {
			isa = PBXGroup;
			children = (
				F3B99A9D1FE1910500A2DD8B /* BLEGameTests.swift */,
				F3B99A9F1FE1910500A2DD8B /* Info.plist */,
			);
			path = BLEGameTests;
			sourceTree = "<group>";
		};
		F3B99AA71FE1910500A2DD8B /* BLEGameUITests */ = {
			isa = PBXGroup;
			children = (
				F3B99AA81FE1910500A2DD8B /* BLEGameUITests.swift */,
				F3B99AAA1FE1910500A2DD8B /* Info.plist */,
			);
			path = BLEGameUITests;
			sourceTree = "<group>";
		};
		F3B99AB61FE1971B00A2DD8B /* Controller */ = {
			isa = PBXGroup;
			children = (
				F3B99AB91FE1974700A2DD8B /* StartupViewController */,
				F3EBCEF91FEAE4B7001046F0 /* HostViewController.swift */,
				F35623192005452A00155948 /* HostListViewController.swift */,
			);
			path = Controller;
			sourceTree = "<group>";
		};
		F3B99AB71FE1971B00A2DD8B /* Model */ = {
			isa = PBXGroup;
			children = (
				F35BD27E1FEC2FD200C877AF /* GameQuestionManager.swift */,
			);
			path = Model;
			sourceTree = "<group>";
		};
		F3B99AB81FE1971B00A2DD8B /* View */ = {
			isa = PBXGroup;
			children = (
				F3B99AC41FE43E8500A2DD8B /* MatchmakingServer.swift */,
			);
			path = View;
			sourceTree = "<group>";
		};
		F3B99AB91FE1974700A2DD8B /* StartupViewController */ = {
			isa = PBXGroup;
			children = (
				F3B99ABA1FE1976A00A2DD8B /* StartupViewController.swift */,
				F3B99ABC1FE1A07900A2DD8B /* DashboardViewController.swift */,
				F356231720052D9200155948 /* SettingViewController.swift */,
			);
			path = StartupViewController;
			sourceTree = "<group>";
		};
		F3B99ABE1FE1A56A00A2DD8B /* Utility */ = {
			isa = PBXGroup;
			children = (
				F3B99ABF1FE1A58E00A2DD8B /* Constant.swift */,
			);
			path = Utility;
			sourceTree = "<group>";
		};
		F3B99AC11FE43B6600A2DD8B /* Frameworks */ = {
			isa = PBXGroup;
			children = (
				F3B99AC61FE4503B00A2DD8B /* MultipeerConnectivity.framework */,
				F3B99AC21FE43B6600A2DD8B /* GameKit.framework */,
			);
			name = Frameworks;
			sourceTree = "<group>";
		};
/* End PBXGroup section */

/* Begin PBXNativeTarget section */
		F3B99A841FE1910500A2DD8B /* BLEGame */ = {
			isa = PBXNativeTarget;
			buildConfigurationList = F3B99AAD1FE1910500A2DD8B /* Build configuration list for PBXNativeTarget "BLEGame" */;
			buildPhases = (
				F3B99A811FE1910500A2DD8B /* Sources */,
				F3B99A821FE1910500A2DD8B /* Frameworks */,
				F3B99A831FE1910500A2DD8B /* Resources */,
			);
			buildRules = (
			);
			dependencies = (
			);
			name = BLEGame;
			productName = BLEGame;
			productReference = F3B99A851FE1910500A2DD8B /* BLEGame.app */;
			productType = "com.apple.product-type.application";
		};
		F3B99A981FE1910500A2DD8B /* BLEGameTests */ = {
			isa = PBXNativeTarget;
			buildConfigurationList = F3B99AB01FE1910500A2DD8B /* Build configuration list for PBXNativeTarget "BLEGameTests" */;
			buildPhases = (
				F3B99A951FE1910500A2DD8B /* Sources */,
				F3B99A961FE1910500A2DD8B /* Frameworks */,
				F3B99A971FE1910500A2DD8B /* Resources */,
			);
			buildRules = (
			);
			dependencies = (
				F3B99A9B1FE1910500A2DD8B /* PBXTargetDependency */,
			);
			name = BLEGameTests;
			productName = BLEGameTests;
			productReference = F3B99A991FE1910500A2DD8B /* BLEGameTests.xctest */;
			productType = "com.apple.product-type.bundle.unit-test";
		};
		F3B99AA31FE1910500A2DD8B /* BLEGameUITests */ = {
			isa = PBXNativeTarget;
			buildConfigurationList = F3B99AB31FE1910500A2DD8B /* Build configuration list for PBXNativeTarget "BLEGameUITests" */;
			buildPhases = (
				F3B99AA01FE1910500A2DD8B /* Sources */,
				F3B99AA11FE1910500A2DD8B /* Frameworks */,
				F3B99AA21FE1910500A2DD8B /* Resources */,
			);
			buildRules = (
			);
			dependencies = (
				F3B99AA61FE1910500A2DD8B /* PBXTargetDependency */,
			);
			name = BLEGameUITests;
			productName = BLEGameUITests;
			productReference = F3B99AA41FE1910500A2DD8B /* BLEGameUITests.xctest */;
			productType = "com.apple.product-type.bundle.ui-testing";
		};
/* End PBXNativeTarget section */

/* Begin PBXProject section */
		F3B99A7D1FE1910500A2DD8B /* Project object */ = {
			isa = PBXProject;
			attributes = {
				LastSwiftUpdateCheck = 0900;
				LastUpgradeCheck = 0900;
				ORGANIZATIONNAME = Ratnadeep;
				TargetAttributes = {
					F3B99A841FE1910500A2DD8B = {
						CreatedOnToolsVersion = 9.0;
						ProvisioningStyle = Automatic;
						SystemCapabilities = {
							com.apple.GameCenter = {
								enabled = 1;
							};
						};
					};
					F3B99A981FE1910500A2DD8B = {
						CreatedOnToolsVersion = 9.0;
						ProvisioningStyle = Automatic;
						TestTargetID = F3B99A841FE1910500A2DD8B;
					};
					F3B99AA31FE1910500A2DD8B = {
						CreatedOnToolsVersion = 9.0;
						ProvisioningStyle = Automatic;
						TestTargetID = F3B99A841FE1910500A2DD8B;
					};
				};
			};
			buildConfigurationList = F3B99A801FE1910500A2DD8B /* Build configuration list for PBXProject "BLEGame" */;
			compatibilityVersion = "Xcode 8.0";
			developmentRegion = en;
			hasScannedForEncodings = 0;
			knownRegions = (
				en,
				Base,
			);
			mainGroup = F3B99A7C1FE1910500A2DD8B;
			productRefGroup = F3B99A861FE1910500A2DD8B /* Products */;
			projectDirPath = "";
			projectRoot = "";
			targets = (
				F3B99A841FE1910500A2DD8B /* BLEGame */,
				F3B99A981FE1910500A2DD8B /* BLEGameTests */,
				F3B99AA31FE1910500A2DD8B /* BLEGameUITests */,
			);
		};
/* End PBXProject section */

/* Begin PBXResourcesBuildPhase section */
		F3B99A831FE1910500A2DD8B /* Resources */ = {
			isa = PBXResourcesBuildPhase;
			buildActionMask = 2147483647;
			files = (
				F3B99A931FE1910500A2DD8B /* LaunchScreen.storyboard in Resources */,
				F3B99A901FE1910500A2DD8B /* Assets.xcassets in Resources */,
				F3B99A8E1FE1910500A2DD8B /* Main.storyboard in Resources */,
			);
			runOnlyForDeploymentPostprocessing = 0;
		};
		F3B99A971FE1910500A2DD8B /* Resources */ = {
			isa = PBXResourcesBuildPhase;
			buildActionMask = 2147483647;
			files = (
			);
			runOnlyForDeploymentPostprocessing = 0;
		};
		F3B99AA21FE1910500A2DD8B /* Resources */ = {
			isa = PBXResourcesBuildPhase;
			buildActionMask = 2147483647;
			files = (
			);
			runOnlyForDeploymentPostprocessing = 0;
		};
/* End PBXResourcesBuildPhase section */

/* Begin PBXSourcesBuildPhase section */
		F3B99A811FE1910500A2DD8B /* Sources */ = {
			isa = PBXSourcesBuildPhase;
			buildActionMask = 2147483647;
			files = (
				F3B99ABB1FE1976A00A2DD8B /* StartupViewController.swift in Sources */,
				F356231A2005452A00155948 /* HostListViewController.swift in Sources */,
				F3B99ABD1FE1A07900A2DD8B /* DashboardViewController.swift in Sources */,
				F3EBCEFA1FEAE4B7001046F0 /* HostViewController.swift in Sources */,
				F356231820052D9200155948 /* SettingViewController.swift in Sources */,
				F3B99AC51FE43E8500A2DD8B /* MatchmakingServer.swift in Sources */,
				F3B99A891FE1910500A2DD8B /* AppDelegate.swift in Sources */,
				F3B99AC01FE1A58E00A2DD8B /* Constant.swift in Sources */,
				F35BD27F1FEC2FD200C877AF /* GameQuestionManager.swift in Sources */,
			);
			runOnlyForDeploymentPostprocessing = 0;
		};
		F3B99A951FE1910500A2DD8B /* Sources */ = {
			isa = PBXSourcesBuildPhase;
			buildActionMask = 2147483647;
			files = (
				F3B99A9E1FE1910500A2DD8B /* BLEGameTests.swift in Sources */,
			);
			runOnlyForDeploymentPostprocessing = 0;
		};
		F3B99AA01FE1910500A2DD8B /* Sources */ = {
			isa = PBXSourcesBuildPhase;
			buildActionMask = 2147483647;
			files = (
				F3B99AA91FE1910500A2DD8B /* BLEGameUITests.swift in Sources */,
			);
			runOnlyForDeploymentPostprocessing = 0;
		};
/* End PBXSourcesBuildPhase section */

/* Begin PBXTargetDependency section */
		F3B99A9B1FE1910500A2DD8B /* PBXTargetDependency */ = {
			isa = PBXTargetDependency;
			target = F3B99A841FE1910500A2DD8B /* BLEGame */;
			targetProxy = F3B99A9A1FE1910500A2DD8B /* PBXContainerItemProxy */;
		};
		F3B99AA61FE1910500A2DD8B /* PBXTargetDependency */ = {
			isa = PBXTargetDependency;
			target = F3B99A841FE1910500A2DD8B /* BLEGame */;
			targetProxy = F3B99AA51FE1910500A2DD8B /* PBXContainerItemProxy */;
		};
/* End PBXTargetDependency section */

/* Begin PBXVariantGroup section */
		F3B99A8C1FE1910500A2DD8B /* Main.storyboard */ = {
			isa = PBXVariantGroup;
			children = (
				F3B99A8D1FE1910500A2DD8B /* Base */,
			);
			name = Main.storyboard;
			sourceTree = "<group>";
		};
		F3B99A911FE1910500A2DD8B /* LaunchScreen.storyboard */ = {
			isa = PBXVariantGroup;
			children = (
				F3B99A921FE1910500A2DD8B /* Base */,
			);
			name = LaunchScreen.storyboard;
			sourceTree = "<group>";
		};
/* End PBXVariantGroup section */

/* Begin XCBuildConfiguration section */
		F3B99AAB1FE1910500A2DD8B /* Debug */ = {
			isa = XCBuildConfiguration;
			buildSettings = {
				ALWAYS_SEARCH_USER_PATHS = NO;
				CLANG_ANALYZER_NONNULL = YES;
				CLANG_ANALYZER_NUMBER_OBJECT_CONVERSION = YES_AGGRESSIVE;
				CLANG_CXX_LANGUAGE_STANDARD = "gnu++14";
				CLANG_CXX_LIBRARY = "libc++";
				CLANG_ENABLE_MODULES = YES;
				CLANG_ENABLE_OBJC_ARC = YES;
				CLANG_WARN_BLOCK_CAPTURE_AUTORELEASING = YES;
				CLANG_WARN_BOOL_CONVERSION = YES;
				CLANG_WARN_COMMA = YES;
				CLANG_WARN_CONSTANT_CONVERSION = YES;
				CLANG_WARN_DIRECT_OBJC_ISA_USAGE = YES_ERROR;
				CLANG_WARN_DOCUMENTATION_COMMENTS = YES;
				CLANG_WARN_EMPTY_BODY = YES;
				CLANG_WARN_ENUM_CONVERSION = YES;
				CLANG_WARN_INFINITE_RECURSION = YES;
				CLANG_WARN_INT_CONVERSION = YES;
				CLANG_WARN_NON_LITERAL_NULL_CONVERSION = YES;
				CLANG_WARN_OBJC_LITERAL_CONVERSION = YES;
				CLANG_WARN_OBJC_ROOT_CLASS = YES_ERROR;
				CLANG_WARN_RANGE_LOOP_ANALYSIS = YES;
				CLANG_WARN_STRICT_PROTOTYPES = YES;
				CLANG_WARN_SUSPICIOUS_MOVE = YES;
				CLANG_WARN_UNGUARDED_AVAILABILITY = YES_AGGRESSIVE;
				CLANG_WARN_UNREACHABLE_CODE = YES;
				CLANG_WARN__DUPLICATE_METHOD_MATCH = YES;
				CODE_SIGN_IDENTITY = "iPhone Developer";
				COPY_PHASE_STRIP = NO;
				DEBUG_INFORMATION_FORMAT = dwarf;
				ENABLE_STRICT_OBJC_MSGSEND = YES;
				ENABLE_TESTABILITY = YES;
				GCC_C_LANGUAGE_STANDARD = gnu11;
				GCC_DYNAMIC_NO_PIC = NO;
				GCC_NO_COMMON_BLOCKS = YES;
				GCC_OPTIMIZATION_LEVEL = 0;
				GCC_PREPROCESSOR_DEFINITIONS = (
					"DEBUG=1",
					"$(inherited)",
				);
				GCC_WARN_64_TO_32_BIT_CONVERSION = YES;
				GCC_WARN_ABOUT_RETURN_TYPE = YES_ERROR;
				GCC_WARN_UNDECLARED_SELECTOR = YES;
				GCC_WARN_UNINITIALIZED_AUTOS = YES_AGGRESSIVE;
				GCC_WARN_UNUSED_FUNCTION = YES;
				GCC_WARN_UNUSED_VARIABLE = YES;
				IPHONEOS_DEPLOYMENT_TARGET = 11.0;
				MTL_ENABLE_DEBUG_INFO = YES;
				ONLY_ACTIVE_ARCH = YES;
				SDKROOT = iphoneos;
				SWIFT_ACTIVE_COMPILATION_CONDITIONS = DEBUG;
				SWIFT_OPTIMIZATION_LEVEL = "-Onone";
			};
			name = Debug;
		};
		F3B99AAC1FE1910500A2DD8B /* Release */ = {
			isa = XCBuildConfiguration;
			buildSettings = {
				ALWAYS_SEARCH_USER_PATHS = NO;
				CLANG_ANALYZER_NONNULL = YES;
				CLANG_ANALYZER_NUMBER_OBJECT_CONVERSION = YES_AGGRESSIVE;
				CLANG_CXX_LANGUAGE_STANDARD = "gnu++14";
				CLANG_CXX_LIBRARY = "libc++";
				CLANG_ENABLE_MODULES = YES;
				CLANG_ENABLE_OBJC_ARC = YES;
				CLANG_WARN_BLOCK_CAPTURE_AUTORELEASING = YES;
				CLANG_WARN_BOOL_CONVERSION = YES;
				CLANG_WARN_COMMA = YES;
				CLANG_WARN_CONSTANT_CONVERSION = YES;
				CLANG_WARN_DIRECT_OBJC_ISA_USAGE = YES_ERROR;
				CLANG_WARN_DOCUMENTATION_COMMENTS = YES;
				CLANG_WARN_EMPTY_BODY = YES;
				CLANG_WARN_ENUM_CONVERSION = YES;
				CLANG_WARN_INFINITE_RECURSION = YES;
				CLANG_WARN_INT_CONVERSION = YES;
				CLANG_WARN_NON_LITERAL_NULL_CONVERSION = YES;
				CLANG_WARN_OBJC_LITERAL_CONVERSION = YES;
				CLANG_WARN_OBJC_ROOT_CLASS = YES_ERROR;
				CLANG_WARN_RANGE_LOOP_ANALYSIS = YES;
				CLANG_WARN_STRICT_PROTOTYPES = YES;
				CLANG_WARN_SUSPICIOUS_MOVE = YES;
				CLANG_WARN_UNGUARDED_AVAILABILITY = YES_AGGRESSIVE;
				CLANG_WARN_UNREACHABLE_CODE = YES;
				CLANG_WARN__DUPLICATE_METHOD_MATCH = YES;
				CODE_SIGN_IDENTITY = "iPhone Developer";
				COPY_PHASE_STRIP = NO;
				DEBUG_INFORMATION_FORMAT = "dwarf-with-dsym";
				ENABLE_NS_ASSERTIONS = NO;
				ENABLE_STRICT_OBJC_MSGSEND = YES;
				GCC_C_LANGUAGE_STANDARD = gnu11;
				GCC_NO_COMMON_BLOCKS = YES;
				GCC_WARN_64_TO_32_BIT_CONVERSION = YES;
				GCC_WARN_ABOUT_RETURN_TYPE = YES_ERROR;
				GCC_WARN_UNDECLARED_SELECTOR = YES;
				GCC_WARN_UNINITIALIZED_AUTOS = YES_AGGRESSIVE;
				GCC_WARN_UNUSED_FUNCTION = YES;
				GCC_WARN_UNUSED_VARIABLE = YES;
				IPHONEOS_DEPLOYMENT_TARGET = 11.0;
				MTL_ENABLE_DEBUG_INFO = NO;
				SDKROOT = iphoneos;
				SWIFT_OPTIMIZATION_LEVEL = "-Owholemodule";
				VALIDATE_PRODUCT = YES;
			};
			name = Release;
		};
		F3B99AAE1FE1910500A2DD8B /* Debug */ = {
			isa = XCBuildConfiguration;
			buildSettings = {
				ASSETCATALOG_COMPILER_APPICON_NAME = AppIcon;
				CODE_SIGN_STYLE = Automatic;
				DEVELOPMENT_TEAM = 4Z2WYGP2K3;
				INFOPLIST_FILE = BLEGame/Info.plist;
				IPHONEOS_DEPLOYMENT_TARGET = 9.3;
				LD_RUNPATH_SEARCH_PATHS = "$(inherited) @executable_path/Frameworks";
				PRODUCT_BUNDLE_IDENTIFIER = com.cryonorthstudios.BLEGame;
				PRODUCT_NAME = "$(TARGET_NAME)";
				SWIFT_VERSION = 4.0;
				TARGETED_DEVICE_FAMILY = "1,2";
			};
			name = Debug;
		};
		F3B99AAF1FE1910500A2DD8B /* Release */ = {
			isa = XCBuildConfiguration;
			buildSettings = {
				ASSETCATALOG_COMPILER_APPICON_NAME = AppIcon;
				CODE_SIGN_STYLE = Automatic;
				DEVELOPMENT_TEAM = 4Z2WYGP2K3;
				INFOPLIST_FILE = BLEGame/Info.plist;
				IPHONEOS_DEPLOYMENT_TARGET = 9.3;
				LD_RUNPATH_SEARCH_PATHS = "$(inherited) @executable_path/Frameworks";
				PRODUCT_BUNDLE_IDENTIFIER = com.cryonorthstudios.BLEGame;
				PRODUCT_NAME = "$(TARGET_NAME)";
				SWIFT_VERSION = 4.0;
				TARGETED_DEVICE_FAMILY = "1,2";
			};
			name = Release;
		};
		F3B99AB11FE1910500A2DD8B /* Debug */ = {
			isa = XCBuildConfiguration;
			buildSettings = {
				ALWAYS_EMBED_SWIFT_STANDARD_LIBRARIES = YES;
				BUNDLE_LOADER = "$(TEST_HOST)";
				CODE_SIGN_STYLE = Automatic;
				DEVELOPMENT_TEAM = 5E92PGA76Z;
				INFOPLIST_FILE = BLEGameTests/Info.plist;
				LD_RUNPATH_SEARCH_PATHS = "$(inherited) @executable_path/Frameworks @loader_path/Frameworks";
				PRODUCT_BUNDLE_IDENTIFIER = ratnadeep.BLEGameTests;
				PRODUCT_NAME = "$(TARGET_NAME)";
				SWIFT_VERSION = 4.0;
				TARGETED_DEVICE_FAMILY = "1,2";
				TEST_HOST = "$(BUILT_PRODUCTS_DIR)/BLEGame.app/BLEGame";
			};
			name = Debug;
		};
		F3B99AB21FE1910500A2DD8B /* Release */ = {
			isa = XCBuildConfiguration;
			buildSettings = {
				ALWAYS_EMBED_SWIFT_STANDARD_LIBRARIES = YES;
				BUNDLE_LOADER = "$(TEST_HOST)";
				CODE_SIGN_STYLE = Automatic;
				DEVELOPMENT_TEAM = 5E92PGA76Z;
				INFOPLIST_FILE = BLEGameTests/Info.plist;
				LD_RUNPATH_SEARCH_PATHS = "$(inherited) @executable_path/Frameworks @loader_path/Frameworks";
				PRODUCT_BUNDLE_IDENTIFIER = ratnadeep.BLEGameTests;
				PRODUCT_NAME = "$(TARGET_NAME)";
				SWIFT_VERSION = 4.0;
				TARGETED_DEVICE_FAMILY = "1,2";
				TEST_HOST = "$(BUILT_PRODUCTS_DIR)/BLEGame.app/BLEGame";
			};
			name = Release;
		};
		F3B99AB41FE1910500A2DD8B /* Debug */ = {
			isa = XCBuildConfiguration;
			buildSettings = {
				ALWAYS_EMBED_SWIFT_STANDARD_LIBRARIES = YES;
				CODE_SIGN_STYLE = Automatic;
				DEVELOPMENT_TEAM = 5E92PGA76Z;
				INFOPLIST_FILE = BLEGameUITests/Info.plist;
				LD_RUNPATH_SEARCH_PATHS = "$(inherited) @executable_path/Frameworks @loader_path/Frameworks";
				PRODUCT_BUNDLE_IDENTIFIER = ratnadeep.BLEGameUITests;
				PRODUCT_NAME = "$(TARGET_NAME)";
				SWIFT_VERSION = 4.0;
				TARGETED_DEVICE_FAMILY = "1,2";
				TEST_TARGET_NAME = BLEGame;
			};
			name = Debug;
		};
		F3B99AB51FE1910500A2DD8B /* Release */ = {
			isa = XCBuildConfiguration;
			buildSettings = {
				ALWAYS_EMBED_SWIFT_STANDARD_LIBRARIES = YES;
				CODE_SIGN_STYLE = Automatic;
				DEVELOPMENT_TEAM = 5E92PGA76Z;
				INFOPLIST_FILE = BLEGameUITests/Info.plist;
				LD_RUNPATH_SEARCH_PATHS = "$(inherited) @executable_path/Frameworks @loader_path/Frameworks";
				PRODUCT_BUNDLE_IDENTIFIER = ratnadeep.BLEGameUITests;
				PRODUCT_NAME = "$(TARGET_NAME)";
				SWIFT_VERSION = 4.0;
				TARGETED_DEVICE_FAMILY = "1,2";
				TEST_TARGET_NAME = BLEGame;
			};
			name = Release;
		};
/* End XCBuildConfiguration section */

/* Begin XCConfigurationList section */
		F3B99A801FE1910500A2DD8B /* Build configuration list for PBXProject "BLEGame" */ = {
			isa = XCConfigurationList;
			buildConfigurations = (
				F3B99AAB1FE1910500A2DD8B /* Debug */,
				F3B99AAC1FE1910500A2DD8B /* Release */,
			);
			defaultConfigurationIsVisible = 0;
			defaultConfigurationName = Release;
		};
		F3B99AAD1FE1910500A2DD8B /* Build configuration list for PBXNativeTarget "BLEGame" */ = {
			isa = XCConfigurationList;
			buildConfigurations = (
				F3B99AAE1FE1910500A2DD8B /* Debug */,
				F3B99AAF1FE1910500A2DD8B /* Release */,
			);
			defaultConfigurationIsVisible = 0;
			defaultConfigurationName = Release;
		};
		F3B99AB01FE1910500A2DD8B /* Build configuration list for PBXNativeTarget "BLEGameTests" */ = {
			isa = XCConfigurationList;
			buildConfigurations = (
				F3B99AB11FE1910500A2DD8B /* Debug */,
				F3B99AB21FE1910500A2DD8B /* Release */,
			);
			defaultConfigurationIsVisible = 0;
			defaultConfigurationName = Release;
		};
		F3B99AB31FE1910500A2DD8B /* Build configuration list for PBXNativeTarget "BLEGameUITests" */ = {
			isa = XCConfigurationList;
			buildConfigurations = (
				F3B99AB41FE1910500A2DD8B /* Debug */,
				F3B99AB51FE1910500A2DD8B /* Release */,
			);
			defaultConfigurationIsVisible = 0;
			defaultConfigurationName = Release;
		};
/* End XCConfigurationList section */
	};
	rootObject = F3B99A7D1FE1910500A2DD8B /* Project object */;
}
